// !$*UTF8*$!
{
	archiveVersion = 1;
	classes = {
	};
	objectVersion = 50;
	objects = {

/* Begin PBXBuildFile section */
		56378A0022A4DF77005B9056 /* AppDelegate.swift in Sources */ = {isa = PBXBuildFile; fileRef = 563789FF22A4DF77005B9056 /* AppDelegate.swift */; };
		56378A0222A4DF77005B9056 /* ViewController.swift in Sources */ = {isa = PBXBuildFile; fileRef = 56378A0122A4DF77005B9056 /* ViewController.swift */; };
		56378A0522A4DF77005B9056 /* Main.storyboard in Resources */ = {isa = PBXBuildFile; fileRef = 56378A0322A4DF77005B9056 /* Main.storyboard */; };
		56378A0722A4DF78005B9056 /* Assets.xcassets in Resources */ = {isa = PBXBuildFile; fileRef = 56378A0622A4DF78005B9056 /* Assets.xcassets */; };
		56378A0A22A4DF78005B9056 /* LaunchScreen.storyboard in Resources */ = {isa = PBXBuildFile; fileRef = 56378A0822A4DF78005B9056 /* LaunchScreen.storyboard */; };
		56378A1522A4DF78005B9056 /* Swift_TCPSocketTests.swift in Sources */ = {isa = PBXBuildFile; fileRef = 56378A1422A4DF78005B9056 /* Swift_TCPSocketTests.swift */; };
		56378A2022A4DF78005B9056 /* Swift_TCPSocketUITests.swift in Sources */ = {isa = PBXBuildFile; fileRef = 56378A1F22A4DF78005B9056 /* Swift_TCPSocketUITests.swift */; };
/* End PBXBuildFile section */

/* Begin PBXContainerItemProxy section */
		56378A1122A4DF78005B9056 /* PBXContainerItemProxy */ = {
			isa = PBXContainerItemProxy;
			containerPortal = 563789F422A4DF77005B9056 /* Project object */;
			proxyType = 1;
			remoteGlobalIDString = 563789FB22A4DF77005B9056;
			remoteInfo = Swift_TCPSocket;
		};
		56378A1C22A4DF78005B9056 /* PBXContainerItemProxy */ = {
			isa = PBXContainerItemProxy;
			containerPortal = 563789F422A4DF77005B9056 /* Project object */;
			proxyType = 1;
			remoteGlobalIDString = 563789FB22A4DF77005B9056;
			remoteInfo = Swift_TCPSocket;
		};
/* End PBXContainerItemProxy section */

/* Begin PBXFileReference section */
		563789FC22A4DF77005B9056 /* Swift_TCPSocket.app */ = {isa = PBXFileReference; explicitFileType = wrapper.application; includeInIndex = 0; path = Swift_TCPSocket.app; sourceTree = BUILT_PRODUCTS_DIR; };
		563789FF22A4DF77005B9056 /* AppDelegate.swift */ = {isa = PBXFileReference; lastKnownFileType = sourcecode.swift; path = AppDelegate.swift; sourceTree = "<group>"; };
		56378A0122A4DF77005B9056 /* ViewController.swift */ = {isa = PBXFileReference; lastKnownFileType = sourcecode.swift; path = ViewController.swift; sourceTree = "<group>"; };
		56378A0422A4DF77005B9056 /* Base */ = {isa = PBXFileReference; lastKnownFileType = file.storyboard; name = Base; path = Base.lproj/Main.storyboard; sourceTree = "<group>"; };
		56378A0622A4DF78005B9056 /* Assets.xcassets */ = {isa = PBXFileReference; lastKnownFileType = folder.assetcatalog; path = Assets.xcassets; sourceTree = "<group>"; };
		56378A0922A4DF78005B9056 /* Base */ = {isa = PBXFileReference; lastKnownFileType = file.storyboard; name = Base; path = Base.lproj/LaunchScreen.storyboard; sourceTree = "<group>"; };
		56378A0B22A4DF78005B9056 /* Info.plist */ = {isa = PBXFileReference; lastKnownFileType = text.plist.xml; path = Info.plist; sourceTree = "<group>"; };
		56378A1022A4DF78005B9056 /* Swift_TCPSocketTests.xctest */ = {isa = PBXFileReference; explicitFileType = wrapper.cfbundle; includeInIndex = 0; path = Swift_TCPSocketTests.xctest; sourceTree = BUILT_PRODUCTS_DIR; };
		56378A1422A4DF78005B9056 /* Swift_TCPSocketTests.swift */ = {isa = PBXFileReference; lastKnownFileType = sourcecode.swift; path = Swift_TCPSocketTests.swift; sourceTree = "<group>"; };
		56378A1622A4DF78005B9056 /* Info.plist */ = {isa = PBXFileReference; lastKnownFileType = text.plist.xml; path = Info.plist; sourceTree = "<group>"; };
		56378A1B22A4DF78005B9056 /* Swift_TCPSocketUITests.xctest */ = {isa = PBXFileReference; explicitFileType = wrapper.cfbundle; includeInIndex = 0; path = Swift_TCPSocketUITests.xctest; sourceTree = BUILT_PRODUCTS_DIR; };
		56378A1F22A4DF78005B9056 /* Swift_TCPSocketUITests.swift */ = {isa = PBXFileReference; lastKnownFileType = sourcecode.swift; path = Swift_TCPSocketUITests.swift; sourceTree = "<group>"; };
		56378A2122A4DF78005B9056 /* Info.plist */ = {isa = PBXFileReference; lastKnownFileType = text.plist.xml; path = Info.plist; sourceTree = "<group>"; };
/* End PBXFileReference section */

/* Begin PBXFrameworksBuildPhase section */
		563789F922A4DF77005B9056 /* Frameworks */ = {
			isa = PBXFrameworksBuildPhase;
			buildActionMask = 2147483647;
			files = (
			);
			runOnlyForDeploymentPostprocessing = 0;
		};
		56378A0D22A4DF78005B9056 /* Frameworks */ = {
			isa = PBXFrameworksBuildPhase;
			buildActionMask = 2147483647;
			files = (
			);
			runOnlyForDeploymentPostprocessing = 0;
		};
		56378A1822A4DF78005B9056 /* Frameworks */ = {
			isa = PBXFrameworksBuildPhase;
			buildActionMask = 2147483647;
			files = (
			);
			runOnlyForDeploymentPostprocessing = 0;
		};
/* End PBXFrameworksBuildPhase section */

/* Begin PBXGroup section */
		563789F322A4DF77005B9056 = {
			isa = PBXGroup;
			children = (
				563789FE22A4DF77005B9056 /* Swift_TCPSocket */,
				56378A1322A4DF78005B9056 /* Swift_TCPSocketTests */,
				56378A1E22A4DF78005B9056 /* Swift_TCPSocketUITests */,
				563789FD22A4DF77005B9056 /* Products */,
			);
			sourceTree = "<group>";
		};
		563789FD22A4DF77005B9056 /* Products */ = {
			isa = PBXGroup;
			children = (
				563789FC22A4DF77005B9056 /* Swift_TCPSocket.app */,
				56378A1022A4DF78005B9056 /* Swift_TCPSocketTests.xctest */,
				56378A1B22A4DF78005B9056 /* Swift_TCPSocketUITests.xctest */,
			);
			name = Products;
			sourceTree = "<group>";
		};
		563789FE22A4DF77005B9056 /* Swift_TCPSocket */ = {
			isa = PBXGroup;
			children = (
				563789FF22A4DF77005B9056 /* AppDelegate.swift */,
				56378A0122A4DF77005B9056 /* ViewController.swift */,
				56378A0322A4DF77005B9056 /* Main.storyboard */,
				56378A0622A4DF78005B9056 /* Assets.xcassets */,
				56378A0822A4DF78005B9056 /* LaunchScreen.storyboard */,
				56378A0B22A4DF78005B9056 /* Info.plist */,
			);
			path = Swift_TCPSocket;
			sourceTree = "<group>";
		};
		56378A1322A4DF78005B9056 /* Swift_TCPSocketTests */ = {
			isa = PBXGroup;
			children = (
				56378A1422A4DF78005B9056 /* Swift_TCPSocketTests.swift */,
				56378A1622A4DF78005B9056 /* Info.plist */,
			);
			path = Swift_TCPSocketTests;
			sourceTree = "<group>";
		};
		56378A1E22A4DF78005B9056 /* Swift_TCPSocketUITests */ = {
			isa = PBXGroup;
			children = (
				56378A1F22A4DF78005B9056 /* Swift_TCPSocketUITests.swift */,
				56378A2122A4DF78005B9056 /* Info.plist */,
			);
			path = Swift_TCPSocketUITests;
			sourceTree = "<group>";
		};
/* End PBXGroup section */

/* Begin PBXNativeTarget section */
		563789FB22A4DF77005B9056 /* Swift_TCPSocket */ = {
			isa = PBXNativeTarget;
			buildConfigurationList = 56378A2422A4DF78005B9056 /* Build configuration list for PBXNativeTarget "Swift_TCPSocket" */;
			buildPhases = (
				563789F822A4DF77005B9056 /* Sources */,
				563789F922A4DF77005B9056 /* Frameworks */,
				563789FA22A4DF77005B9056 /* Resources */,
			);
			buildRules = (
			);
			dependencies = (
			);
			name = Swift_TCPSocket;
			productName = Swift_TCPSocket;
			productReference = 563789FC22A4DF77005B9056 /* Swift_TCPSocket.app */;
			productType = "com.apple.product-type.application";
		};
		56378A0F22A4DF78005B9056 /* Swift_TCPSocketTests */ = {
			isa = PBXNativeTarget;
			buildConfigurationList = 56378A2722A4DF78005B9056 /* Build configuration list for PBXNativeTarget "Swift_TCPSocketTests" */;
			buildPhases = (
				56378A0C22A4DF78005B9056 /* Sources */,
				56378A0D22A4DF78005B9056 /* Frameworks */,
				56378A0E22A4DF78005B9056 /* Resources */,
			);
			buildRules = (
			);
			dependencies = (
				56378A1222A4DF78005B9056 /* PBXTargetDependency */,
			);
			name = Swift_TCPSocketTests;
			productName = Swift_TCPSocketTests;
			productReference = 56378A1022A4DF78005B9056 /* Swift_TCPSocketTests.xctest */;
			productType = "com.apple.product-type.bundle.unit-test";
		};
		56378A1A22A4DF78005B9056 /* Swift_TCPSocketUITests */ = {
			isa = PBXNativeTarget;
			buildConfigurationList = 56378A2A22A4DF78005B9056 /* Build configuration list for PBXNativeTarget "Swift_TCPSocketUITests" */;
			buildPhases = (
				56378A1722A4DF78005B9056 /* Sources */,
				56378A1822A4DF78005B9056 /* Frameworks */,
				56378A1922A4DF78005B9056 /* Resources */,
			);
			buildRules = (
			);
			dependencies = (
				56378A1D22A4DF78005B9056 /* PBXTargetDependency */,
			);
			name = Swift_TCPSocketUITests;
			productName = Swift_TCPSocketUITests;
			productReference = 56378A1B22A4DF78005B9056 /* Swift_TCPSocketUITests.xctest */;
			productType = "com.apple.product-type.bundle.ui-testing";
		};
/* End PBXNativeTarget section */

/* Begin PBXProject section */
		563789F422A4DF77005B9056 /* Project object */ = {
			isa = PBXProject;
			attributes = {
				LastSwiftUpdateCheck = 1020;
				LastUpgradeCheck = 1020;
				ORGANIZATIONNAME = "Hidetomo Masuda";
				TargetAttributes = {
					563789FB22A4DF77005B9056 = {
						CreatedOnToolsVersion = 10.2.1;
					};
					56378A0F22A4DF78005B9056 = {
						CreatedOnToolsVersion = 10.2.1;
						TestTargetID = 563789FB22A4DF77005B9056;
					};
					56378A1A22A4DF78005B9056 = {
						CreatedOnToolsVersion = 10.2.1;
						TestTargetID = 563789FB22A4DF77005B9056;
					};
				};
			};
			buildConfigurationList = 563789F722A4DF77005B9056 /* Build configuration list for PBXProject "Swift_TCPSocket" */;
			compatibilityVersion = "Xcode 9.3";
			developmentRegion = en;
			hasScannedForEncodings = 0;
			knownRegions = (
				en,
				Base,
			);
			mainGroup = 563789F322A4DF77005B9056;
			productRefGroup = 563789FD22A4DF77005B9056 /* Products */;
			projectDirPath = "";
			projectRoot = "";
			targets = (
				563789FB22A4DF77005B9056 /* Swift_TCPSocket */,
				56378A0F22A4DF78005B9056 /* Swift_TCPSocketTests */,
				56378A1A22A4DF78005B9056 /* Swift_TCPSocketUITests */,
			);
		};
/* End PBXProject section */

/* Begin PBXResourcesBuildPhase section */
		563789FA22A4DF77005B9056 /* Resources */ = {
			isa = PBXResourcesBuildPhase;
			buildActionMask = 2147483647;
			files = (
				56378A0A22A4DF78005B9056 /* LaunchScreen.storyboard in Resources */,
				56378A0722A4DF78005B9056 /* Assets.xcassets in Resources */,
				56378A0522A4DF77005B9056 /* Main.storyboard in Resources */,
			);
			runOnlyForDeploymentPostprocessing = 0;
		};
		56378A0E22A4DF78005B9056 /* Resources */ = {
			isa = PBXResourcesBuildPhase;
			buildActionMask = 2147483647;
			files = (
			);
			runOnlyForDeploymentPostprocessing = 0;
		};
		56378A1922A4DF78005B9056 /* Resources */ = {
			isa = PBXResourcesBuildPhase;
			buildActionMask = 2147483647;
			files = (
			);
			runOnlyForDeploymentPostprocessing = 0;
		};
/* End PBXResourcesBuildPhase section */

/* Begin PBXSourcesBuildPhase section */
		563789F822A4DF77005B9056 /* Sources */ = {
			isa = PBXSourcesBuildPhase;
			buildActionMask = 2147483647;
			files = (
				56378A0222A4DF77005B9056 /* ViewController.swift in Sources */,
				56378A0022A4DF77005B9056 /* AppDelegate.swift in Sources */,
			);
			runOnlyForDeploymentPostprocessing = 0;
		};
		56378A0C22A4DF78005B9056 /* Sources */ = {
			isa = PBXSourcesBuildPhase;
			buildActionMask = 2147483647;
			files = (
				56378A1522A4DF78005B9056 /* Swift_TCPSocketTests.swift in Sources */,
			);
			runOnlyForDeploymentPostprocessing = 0;
		};
		56378A1722A4DF78005B9056 /* Sources */ = {
			isa = PBXSourcesBuildPhase;
			buildActionMask = 2147483647;
			files = (
				56378A2022A4DF78005B9056 /* Swift_TCPSocketUITests.swift in Sources */,
			);
			runOnlyForDeploymentPostprocessing = 0;
		};
/* End PBXSourcesBuildPhase section */

/* Begin PBXTargetDependency section */
		56378A1222A4DF78005B9056 /* PBXTargetDependency */ = {
			isa = PBXTargetDependency;
			target = 563789FB22A4DF77005B9056 /* Swift_TCPSocket */;
			targetProxy = 56378A1122A4DF78005B9056 /* PBXContainerItemProxy */;
		};
		56378A1D22A4DF78005B9056 /* PBXTargetDependency */ = {
			isa = PBXTargetDependency;
			target = 563789FB22A4DF77005B9056 /* Swift_TCPSocket */;
			targetProxy = 56378A1C22A4DF78005B9056 /* PBXContainerItemProxy */;
		};
/* End PBXTargetDependency section */

/* Begin PBXVariantGroup section */
		56378A0322A4DF77005B9056 /* Main.storyboard */ = {
			isa = PBXVariantGroup;
			children = (
				56378A0422A4DF77005B9056 /* Base */,
			);
			name = Main.storyboard;
			sourceTree = "<group>";
		};
		56378A0822A4DF78005B9056 /* LaunchScreen.storyboard */ = {
			isa = PBXVariantGroup;
			children = (
				56378A0922A4DF78005B9056 /* Base */,
			);
			name = LaunchScreen.storyboard;
			sourceTree = "<group>";
		};
/* End PBXVariantGroup section */

/* Begin XCBuildConfiguration section */
		56378A2222A4DF78005B9056 /* Debug */ = {
			isa = XCBuildConfiguration;
			buildSettings = {
				ALWAYS_SEARCH_USER_PATHS = NO;
				CLANG_ANALYZER_NONNULL = YES;
				CLANG_ANALYZER_NUMBER_OBJECT_CONVERSION = YES_AGGRESSIVE;
				CLANG_CXX_LANGUAGE_STANDARD = "gnu++14";
				CLANG_CXX_LIBRARY = "libc++";
				CLANG_ENABLE_MODULES = YES;
				CLANG_ENABLE_OBJC_ARC = YES;
				CLANG_ENABLE_OBJC_WEAK = YES;
				CLANG_WARN_BLOCK_CAPTURE_AUTORELEASING = YES;
				CLANG_WARN_BOOL_CONVERSION = YES;
				CLANG_WARN_COMMA = YES;
				CLANG_WARN_CONSTANT_CONVERSION = YES;
				CLANG_WARN_DEPRECATED_OBJC_IMPLEMENTATIONS = YES;
				CLANG_WARN_DIRECT_OBJC_ISA_USAGE = YES_ERROR;
				CLANG_WARN_DOCUMENTATION_COMMENTS = YES;
				CLANG_WARN_EMPTY_BODY = YES;
				CLANG_WARN_ENUM_CONVERSION = YES;
				CLANG_WARN_INFINITE_RECURSION = YES;
				CLANG_WARN_INT_CONVERSION = YES;
				CLANG_WARN_NON_LITERAL_NULL_CONVERSION = YES;
				CLANG_WARN_OBJC_IMPLICIT_RETAIN_SELF = YES;
				CLANG_WARN_OBJC_LITERAL_CONVERSION = YES;
				CLANG_WARN_OBJC_ROOT_CLASS = YES_ERROR;
				CLANG_WARN_RANGE_LOOP_ANALYSIS = YES;
				CLANG_WARN_STRICT_PROTOTYPES = YES;
				CLANG_WARN_SUSPICIOUS_MOVE = YES;
				CLANG_WARN_UNGUARDED_AVAILABILITY = YES_AGGRESSIVE;
				CLANG_WARN_UNREACHABLE_CODE = YES;
				CLANG_WARN__DUPLICATE_METHOD_MATCH = YES;
				CODE_SIGN_IDENTITY = "iPhone Developer";
				COPY_PHASE_STRIP = NO;
				DEBUG_INFORMATION_FORMAT = dwarf;
				ENABLE_STRICT_OBJC_MSGSEND = YES;
				ENABLE_TESTABILITY = YES;
				GCC_C_LANGUAGE_STANDARD = gnu11;
				GCC_DYNAMIC_NO_PIC = NO;
				GCC_NO_COMMON_BLOCKS = YES;
				GCC_OPTIMIZATION_LEVEL = 0;
				GCC_PREPROCESSOR_DEFINITIONS = (
					"DEBUG=1",
					"$(inherited)",
				);
				GCC_WARN_64_TO_32_BIT_CONVERSION = YES;
				GCC_WARN_ABOUT_RETURN_TYPE = YES_ERROR;
				GCC_WARN_UNDECLARED_SELECTOR = YES;
				GCC_WARN_UNINITIALIZED_AUTOS = YES_AGGRESSIVE;
				GCC_WARN_UNUSED_FUNCTION = YES;
				GCC_WARN_UNUSED_VARIABLE = YES;
				IPHONEOS_DEPLOYMENT_TARGET = 12.2;
				MTL_ENABLE_DEBUG_INFO = INCLUDE_SOURCE;
				MTL_FAST_MATH = YES;
				ONLY_ACTIVE_ARCH = YES;
				SDKROOT = iphoneos;
				SWIFT_ACTIVE_COMPILATION_CONDITIONS = DEBUG;
				SWIFT_OPTIMIZATION_LEVEL = "-Onone";
			};
			name = Debug;
		};
		56378A2322A4DF78005B9056 /* Release */ = {
			isa = XCBuildConfiguration;
			buildSettings = {
				ALWAYS_SEARCH_USER_PATHS = NO;
				CLANG_ANALYZER_NONNULL = YES;
				CLANG_ANALYZER_NUMBER_OBJECT_CONVERSION = YES_AGGRESSIVE;
				CLANG_CXX_LANGUAGE_STANDARD = "gnu++14";
				CLANG_CXX_LIBRARY = "libc++";
				CLANG_ENABLE_MODULES = YES;
				CLANG_ENABLE_OBJC_ARC = YES;
				CLANG_ENABLE_OBJC_WEAK = YES;
				CLANG_WARN_BLOCK_CAPTURE_AUTORELEASING = YES;
				CLANG_WARN_BOOL_CONVERSION = YES;
				CLANG_WARN_COMMA = YES;
				CLANG_WARN_CONSTANT_CONVERSION = YES;
				CLANG_WARN_DEPRECATED_OBJC_IMPLEMENTATIONS = YES;
				CLANG_WARN_DIRECT_OBJC_ISA_USAGE = YES_ERROR;
				CLANG_WARN_DOCUMENTATION_COMMENTS = YES;
				CLANG_WARN_EMPTY_BODY = YES;
				CLANG_WARN_ENUM_CONVERSION = YES;
				CLANG_WARN_INFINITE_RECURSION = YES;
				CLANG_WARN_INT_CONVERSION = YES;
				CLANG_WARN_NON_LITERAL_NULL_CONVERSION = YES;
				CLANG_WARN_OBJC_IMPLICIT_RETAIN_SELF = YES;
				CLANG_WARN_OBJC_LITERAL_CONVERSION = YES;
				CLANG_WARN_OBJC_ROOT_CLASS = YES_ERROR;
				CLANG_WARN_RANGE_LOOP_ANALYSIS = YES;
				CLANG_WARN_STRICT_PROTOTYPES = YES;
				CLANG_WARN_SUSPICIOUS_MOVE = YES;
				CLANG_WARN_UNGUARDED_AVAILABILITY = YES_AGGRESSIVE;
				CLANG_WARN_UNREACHABLE_CODE = YES;
				CLANG_WARN__DUPLICATE_METHOD_MATCH = YES;
				CODE_SIGN_IDENTITY = "iPhone Developer";
				COPY_PHASE_STRIP = NO;
				DEBUG_INFORMATION_FORMAT = "dwarf-with-dsym";
				ENABLE_NS_ASSERTIONS = NO;
				ENABLE_STRICT_OBJC_MSGSEND = YES;
				GCC_C_LANGUAGE_STANDARD = gnu11;
				GCC_NO_COMMON_BLOCKS = YES;
				GCC_WARN_64_TO_32_BIT_CONVERSION = YES;
				GCC_WARN_ABOUT_RETURN_TYPE = YES_ERROR;
				GCC_WARN_UNDECLARED_SELECTOR = YES;
				GCC_WARN_UNINITIALIZED_AUTOS = YES_AGGRESSIVE;
				GCC_WARN_UNUSED_FUNCTION = YES;
				GCC_WARN_UNUSED_VARIABLE = YES;
				IPHONEOS_DEPLOYMENT_TARGET = 12.2;
				MTL_ENABLE_DEBUG_INFO = NO;
				MTL_FAST_MATH = YES;
				SDKROOT = iphoneos;
				SWIFT_COMPILATION_MODE = wholemodule;
				SWIFT_OPTIMIZATION_LEVEL = "-O";
				VALIDATE_PRODUCT = YES;
			};
			name = Release;
		};
		56378A2522A4DF78005B9056 /* Debug */ = {
			isa = XCBuildConfiguration;
			buildSettings = {
				ASSETCATALOG_COMPILER_APPICON_NAME = AppIcon;
				CODE_SIGN_STYLE = Automatic;
				DEVELOPMENT_TEAM = 9LY3B67W33;
				INFOPLIST_FILE = Swift_TCPSocket/Info.plist;
				LD_RUNPATH_SEARCH_PATHS = (
					"$(inherited)",
					"@executable_path/Frameworks",
				);
				PRODUCT_BUNDLE_IDENTIFIER = "Hidetomo-Masuda.Swift-TCPSocket";
				PRODUCT_NAME = "$(TARGET_NAME)";
				SWIFT_VERSION = 5.0;
				TARGETED_DEVICE_FAMILY = "1,2";
			};
			name = Debug;
		};
		56378A2622A4DF78005B9056 /* Release */ = {
			isa = XCBuildConfiguration;
			buildSettings = {
				ASSETCATALOG_COMPILER_APPICON_NAME = AppIcon;
				CODE_SIGN_STYLE = Automatic;
				DEVELOPMENT_TEAM = 9LY3B67W33;
				INFOPLIST_FILE = Swift_TCPSocket/Info.plist;
				LD_RUNPATH_SEARCH_PATHS = (
					"$(inherited)",
					"@executable_path/Frameworks",
				);
				PRODUCT_BUNDLE_IDENTIFIER = "Hidetomo-Masuda.Swift-TCPSocket";
				PRODUCT_NAME = "$(TARGET_NAME)";
				SWIFT_VERSION = 5.0;
				TARGETED_DEVICE_FAMILY = "1,2";
			};
			name = Release;
		};
		56378A2822A4DF78005B9056 /* Debug */ = {
			isa = XCBuildConfiguration;
			buildSettings = {
				ALWAYS_EMBED_SWIFT_STANDARD_LIBRARIES = YES;
				BUNDLE_LOADER = "$(TEST_HOST)";
				CODE_SIGN_STYLE = Automatic;
				DEVELOPMENT_TEAM = 9LY3B67W33;
				INFOPLIST_FILE = Swift_TCPSocketTests/Info.plist;
				LD_RUNPATH_SEARCH_PATHS = (
					"$(inherited)",
					"@executable_path/Frameworks",
					"@loader_path/Frameworks",
				);
				PRODUCT_BUNDLE_IDENTIFIER = "Hidetomo-Masuda.Swift-TCPSocketTests";
				PRODUCT_NAME = "$(TARGET_NAME)";
				SWIFT_VERSION = 5.0;
				TARGETED_DEVICE_FAMILY = "1,2";
				TEST_HOST = "$(BUILT_PRODUCTS_DIR)/Swift_TCPSocket.app/Swift_TCPSocket";
			};
			name = Debug;
		};
		56378A2922A4DF78005B9056 /* Release */ = {
			isa = XCBuildConfiguration;
			buildSettings = {
				ALWAYS_EMBED_SWIFT_STANDARD_LIBRARIES = YES;
				BUNDLE_LOADER = "$(TEST_HOST)";
				CODE_SIGN_STYLE = Automatic;
				DEVELOPMENT_TEAM = 9LY3B67W33;
				INFOPLIST_FILE = Swift_TCPSocketTests/Info.plist;
				LD_RUNPATH_SEARCH_PATHS = (
					"$(inherited)",
					"@executable_path/Frameworks",
					"@loader_path/Frameworks",
				);
				PRODUCT_BUNDLE_IDENTIFIER = "Hidetomo-Masuda.Swift-TCPSocketTests";
				PRODUCT_NAME = "$(TARGET_NAME)";
				SWIFT_VERSION = 5.0;
				TARGETED_DEVICE_FAMILY = "1,2";
				TEST_HOST = "$(BUILT_PRODUCTS_DIR)/Swift_TCPSocket.app/Swift_TCPSocket";
			};
			name = Release;
		};
		56378A2B22A4DF78005B9056 /* Debug */ = {
			isa = XCBuildConfiguration;
			buildSettings = {
				ALWAYS_EMBED_SWIFT_STANDARD_LIBRARIES = YES;
				CODE_SIGN_STYLE = Automatic;
				DEVELOPMENT_TEAM = 9LY3B67W33;
				INFOPLIST_FILE = Swift_TCPSocketUITests/Info.plist;
				LD_RUNPATH_SEARCH_PATHS = (
					"$(inherited)",
					"@executable_path/Frameworks",
					"@loader_path/Frameworks",
				);
				PRODUCT_BUNDLE_IDENTIFIER = "Hidetomo-Masuda.Swift-TCPSocketUITests";
				PRODUCT_NAME = "$(TARGET_NAME)";
				SWIFT_VERSION = 5.0;
				TARGETED_DEVICE_FAMILY = "1,2";
				TEST_TARGET_NAME = Swift_TCPSocket;
			};
			name = Debug;
		};
		56378A2C22A4DF78005B9056 /* Release */ = {
			isa = XCBuildConfiguration;
			buildSettings = {
				ALWAYS_EMBED_SWIFT_STANDARD_LIBRARIES = YES;
				CODE_SIGN_STYLE = Automatic;
				DEVELOPMENT_TEAM = 9LY3B67W33;
				INFOPLIST_FILE = Swift_TCPSocketUITests/Info.plist;
				LD_RUNPATH_SEARCH_PATHS = (
					"$(inherited)",
					"@executable_path/Frameworks",
					"@loader_path/Frameworks",
				);
				PRODUCT_BUNDLE_IDENTIFIER = "Hidetomo-Masuda.Swift-TCPSocketUITests";
				PRODUCT_NAME = "$(TARGET_NAME)";
				SWIFT_VERSION = 5.0;
				TARGETED_DEVICE_FAMILY = "1,2";
				TEST_TARGET_NAME = Swift_TCPSocket;
			};
			name = Release;
		};
/* End XCBuildConfiguration section */

/* Begin XCConfigurationList section */
		563789F722A4DF77005B9056 /* Build configuration list for PBXProject "Swift_TCPSocket" */ = {
			isa = XCConfigurationList;
			buildConfigurations = (
				56378A2222A4DF78005B9056 /* Debug */,
				56378A2322A4DF78005B9056 /* Release */,
			);
			defaultConfigurationIsVisible = 0;
			defaultConfigurationName = Release;
		};
		56378A2422A4DF78005B9056 /* Build configuration list for PBXNativeTarget "Swift_TCPSocket" */ = {
			isa = XCConfigurationList;
			buildConfigurations = (
				56378A2522A4DF78005B9056 /* Debug */,
				56378A2622A4DF78005B9056 /* Release */,
			);
			defaultConfigurationIsVisible = 0;
			defaultConfigurationName = Release;
		};
		56378A2722A4DF78005B9056 /* Build configuration list for PBXNativeTarget "Swift_TCPSocketTests" */ = {
			isa = XCConfigurationList;
			buildConfigurations = (
				56378A2822A4DF78005B9056 /* Debug */,
				56378A2922A4DF78005B9056 /* Release */,
			);
			defaultConfigurationIsVisible = 0;
			defaultConfigurationName = Release;
		};
		56378A2A22A4DF78005B9056 /* Build configuration list for PBXNativeTarget "Swift_TCPSocketUITests" */ = {
			isa = XCConfigurationList;
			buildConfigurations = (
				56378A2B22A4DF78005B9056 /* Debug */,
				56378A2C22A4DF78005B9056 /* Release */,
			);
			defaultConfigurationIsVisible = 0;
			defaultConfigurationName = Release;
		};
/* End XCConfigurationList section */
	};
	rootObject = 563789F422A4DF77005B9056 /* Project object */;
}
